
Microsoft Visual Studio Solution File, Format Version 12.00
# Visual Studio Version 16
VisualStudioVersion = 16.0.30011.22
MinimumVisualStudioVersion = 10.0.40219.1
Project("{8BC9CEB8-8B4A-11D0-8D11-00A0C91BC942}") = "A", "A\A.vcxproj", "{C909F7D3-5409-420F-9F7D-E5C9FB889505}"
EndProject
Project("{8BC9CEB8-8B4A-11D0-8D11-00A0C91BC942}") = "B", "B\B.vcxproj", "{63972EA4-C682-4C53-8A9F-BAFCC3AC1FF0}"
EndProject
Global
	GlobalSection(SolutionConfigurationPlatforms) = preSolution
		Debug|x64 = Debug|x64
		Debug|x86 = Debug|x86
		Release|x64 = Release|x64
		Release|x86 = Release|x86
	EndGlobalSection
	GlobalSection(ProjectConfigurationPlatforms) = postSolution
		{C909F7D3-5409-420F-9F7D-E5C9FB889505}.Debug|x64.ActiveCfg = Debug|x64
		{C909F7D3-5409-420F-9F7D-E5C9FB889505}.Debug|x64.Build.0 = Debug|x64
		{C909F7D3-5409-420F-9F7D-E5C9FB889505}.Debug|x86.ActiveCfg = Debug|Win32
		{C909F7D3-5409-420F-9F7D-E5C9FB889505}.Debug|x86.Build.0 = Debug|Win32
		{C909F7D3-5409-420F-9F7D-E5C9FB889505}.Release|x64.ActiveCfg = Release|x64
		{C909F7D3-5409-420F-9F7D-E5C9FB889505}.Release|x64.Build.0 = Release|x64
		{C909F7D3-5409-420F-9F7D-E5C9FB889505}.Release|x86.ActiveCfg = Release|Win32
		{C909F7D3-5409-420F-9F7D-E5C9FB889505}.Release|x86.Build.0 = Release|Win32
		{63972EA4-C682-4C53-8A9F-BAFCC3AC1FF0}.Debug|x64.ActiveCfg = Debug|x64
		{63972EA4-C682-4C53-8A9F-BAFCC3AC1FF0}.Debug|x64.Build.0 = Debug|x64
		{63972EA4-C682-4C53-8A9F-BAFCC3AC1FF0}.Debug|x86.ActiveCfg = Debug|Win32
		{63972EA4-C682-4C53-8A9F-BAFCC3AC1FF0}.Debug|x86.Build.0 = Debug|Win32
		{63972EA4-C682-4C53-8A9F-BAFCC3AC1FF0}.Release|x64.ActiveCfg = Release|x64
		{63972EA4-C682-4C53-8A9F-BAFCC3AC1FF0}.Release|x64.Build.0 = Release|x64
		{63972EA4-C682-4C53-8A9F-BAFCC3AC1FF0}.Release|x86.ActiveCfg = Release|Win32
		{63972EA4-C682-4C53-8A9F-BAFCC3AC1FF0}.Release|x86.Build.0 = Release|Win32
	EndGlobalSection
	GlobalSection(SolutionProperties) = preSolution
		HideSolutionNode = FALSE
	EndGlobalSection
	GlobalSection(ExtensibilityGlobals) = postSolution
		SolutionGuid = {414045B7-89C1-4D31-9E70-320F57864CCE}
	EndGlobalSection
EndGlobal
