
Microsoft Visual Studio Solution File, Format Version 12.00
# Visual Studio Version 16
VisualStudioVersion = 16.0.30011.22
MinimumVisualStudioVersion = 10.0.40219.1
Project("{8BC9CEB8-8B4A-11D0-8D11-00A0C91BC942}") = "AISing", "AISing\AISing.vcxproj", "{DFEDE21F-084C-4575-9250-D797F686153A}"
EndProject
Project("{8BC9CEB8-8B4A-11D0-8D11-00A0C91BC942}") = "B", "B\B.vcxproj", "{0F40C8DE-B735-493F-A608-221CA9A27B6E}"
EndProject
Project("{8BC9CEB8-8B4A-11D0-8D11-00A0C91BC942}") = "C", "C\C.vcxproj", "{225EEEF7-3935-4181-8179-43452F566DF4}"
EndProject
Project("{8BC9CEB8-8B4A-11D0-8D11-00A0C91BC942}") = "D", "D\D.vcxproj", "{D30FD0CC-65CA-4BF9-803B-FB37ED18D466}"
EndProject
Global
	GlobalSection(SolutionConfigurationPlatforms) = preSolution
		Debug|x64 = Debug|x64
		Debug|x86 = Debug|x86
		Release|x64 = Release|x64
		Release|x86 = Release|x86
	EndGlobalSection
	GlobalSection(ProjectConfigurationPlatforms) = postSolution
		{DFEDE21F-084C-4575-9250-D797F686153A}.Debug|x64.ActiveCfg = Debug|x64
		{DFEDE21F-084C-4575-9250-D797F686153A}.Debug|x64.Build.0 = Debug|x64
		{DFEDE21F-084C-4575-9250-D797F686153A}.Debug|x86.ActiveCfg = Debug|Win32
		{DFEDE21F-084C-4575-9250-D797F686153A}.Debug|x86.Build.0 = Debug|Win32
		{DFEDE21F-084C-4575-9250-D797F686153A}.Release|x64.ActiveCfg = Release|x64
		{DFEDE21F-084C-4575-9250-D797F686153A}.Release|x64.Build.0 = Release|x64
		{DFEDE21F-084C-4575-9250-D797F686153A}.Release|x86.ActiveCfg = Release|Win32
		{DFEDE21F-084C-4575-9250-D797F686153A}.Release|x86.Build.0 = Release|Win32
		{0F40C8DE-B735-493F-A608-221CA9A27B6E}.Debug|x64.ActiveCfg = Debug|x64
		{0F40C8DE-B735-493F-A608-221CA9A27B6E}.Debug|x64.Build.0 = Debug|x64
		{0F40C8DE-B735-493F-A608-221CA9A27B6E}.Debug|x86.ActiveCfg = Debug|Win32
		{0F40C8DE-B735-493F-A608-221CA9A27B6E}.Debug|x86.Build.0 = Debug|Win32
		{0F40C8DE-B735-493F-A608-221CA9A27B6E}.Release|x64.ActiveCfg = Release|x64
		{0F40C8DE-B735-493F-A608-221CA9A27B6E}.Release|x64.Build.0 = Release|x64
		{0F40C8DE-B735-493F-A608-221CA9A27B6E}.Release|x86.ActiveCfg = Release|Win32
		{0F40C8DE-B735-493F-A608-221CA9A27B6E}.Release|x86.Build.0 = Release|Win32
		{225EEEF7-3935-4181-8179-43452F566DF4}.Debug|x64.ActiveCfg = Debug|x64
		{225EEEF7-3935-4181-8179-43452F566DF4}.Debug|x64.Build.0 = Debug|x64
		{225EEEF7-3935-4181-8179-43452F566DF4}.Debug|x86.ActiveCfg = Debug|Win32
		{225EEEF7-3935-4181-8179-43452F566DF4}.Debug|x86.Build.0 = Debug|Win32
		{225EEEF7-3935-4181-8179-43452F566DF4}.Release|x64.ActiveCfg = Release|x64
		{225EEEF7-3935-4181-8179-43452F566DF4}.Release|x64.Build.0 = Release|x64
		{225EEEF7-3935-4181-8179-43452F566DF4}.Release|x86.ActiveCfg = Release|Win32
		{225EEEF7-3935-4181-8179-43452F566DF4}.Release|x86.Build.0 = Release|Win32
		{D30FD0CC-65CA-4BF9-803B-FB37ED18D466}.Debug|x64.ActiveCfg = Debug|x64
		{D30FD0CC-65CA-4BF9-803B-FB37ED18D466}.Debug|x64.Build.0 = Debug|x64
		{D30FD0CC-65CA-4BF9-803B-FB37ED18D466}.Debug|x86.ActiveCfg = Debug|Win32
		{D30FD0CC-65CA-4BF9-803B-FB37ED18D466}.Debug|x86.Build.0 = Debug|Win32
		{D30FD0CC-65CA-4BF9-803B-FB37ED18D466}.Release|x64.ActiveCfg = Release|x64
		{D30FD0CC-65CA-4BF9-803B-FB37ED18D466}.Release|x64.Build.0 = Release|x64
		{D30FD0CC-65CA-4BF9-803B-FB37ED18D466}.Release|x86.ActiveCfg = Release|Win32
		{D30FD0CC-65CA-4BF9-803B-FB37ED18D466}.Release|x86.Build.0 = Release|Win32
	EndGlobalSection
	GlobalSection(SolutionProperties) = preSolution
		HideSolutionNode = FALSE
	EndGlobalSection
	GlobalSection(ExtensibilityGlobals) = postSolution
		SolutionGuid = {9FE5DA3D-8E15-4F22-85B0-C03F44235723}
	EndGlobalSection
EndGlobal
