
Microsoft Visual Studio Solution File, Format Version 12.00
# Visual Studio Version 16
VisualStudioVersion = 16.0.30011.22
MinimumVisualStudioVersion = 10.0.40219.1
Project("{8BC9CEB8-8B4A-11D0-8D11-00A0C91BC942}") = "ABC152", "ABC152\ABC152.vcxproj", "{1ED9F75E-F56C-4BB0-956C-CC82F1132726}"
EndProject
Project("{8BC9CEB8-8B4A-11D0-8D11-00A0C91BC942}") = "B", "B\B.vcxproj", "{175949FB-F847-457E-9AA9-4B6AAB69CFEE}"
EndProject
Project("{8BC9CEB8-8B4A-11D0-8D11-00A0C91BC942}") = "C", "C\C.vcxproj", "{34E49D0F-2F76-4685-86F4-4967936D6D07}"
EndProject
Global
	GlobalSection(SolutionConfigurationPlatforms) = preSolution
		Debug|x64 = Debug|x64
		Debug|x86 = Debug|x86
		Release|x64 = Release|x64
		Release|x86 = Release|x86
	EndGlobalSection
	GlobalSection(ProjectConfigurationPlatforms) = postSolution
		{1ED9F75E-F56C-4BB0-956C-CC82F1132726}.Debug|x64.ActiveCfg = Debug|x64
		{1ED9F75E-F56C-4BB0-956C-CC82F1132726}.Debug|x64.Build.0 = Debug|x64
		{1ED9F75E-F56C-4BB0-956C-CC82F1132726}.Debug|x86.ActiveCfg = Debug|Win32
		{1ED9F75E-F56C-4BB0-956C-CC82F1132726}.Debug|x86.Build.0 = Debug|Win32
		{1ED9F75E-F56C-4BB0-956C-CC82F1132726}.Release|x64.ActiveCfg = Release|x64
		{1ED9F75E-F56C-4BB0-956C-CC82F1132726}.Release|x64.Build.0 = Release|x64
		{1ED9F75E-F56C-4BB0-956C-CC82F1132726}.Release|x86.ActiveCfg = Release|Win32
		{1ED9F75E-F56C-4BB0-956C-CC82F1132726}.Release|x86.Build.0 = Release|Win32
		{175949FB-F847-457E-9AA9-4B6AAB69CFEE}.Debug|x64.ActiveCfg = Debug|x64
		{175949FB-F847-457E-9AA9-4B6AAB69CFEE}.Debug|x64.Build.0 = Debug|x64
		{175949FB-F847-457E-9AA9-4B6AAB69CFEE}.Debug|x86.ActiveCfg = Debug|Win32
		{175949FB-F847-457E-9AA9-4B6AAB69CFEE}.Debug|x86.Build.0 = Debug|Win32
		{175949FB-F847-457E-9AA9-4B6AAB69CFEE}.Release|x64.ActiveCfg = Release|x64
		{175949FB-F847-457E-9AA9-4B6AAB69CFEE}.Release|x64.Build.0 = Release|x64
		{175949FB-F847-457E-9AA9-4B6AAB69CFEE}.Release|x86.ActiveCfg = Release|Win32
		{175949FB-F847-457E-9AA9-4B6AAB69CFEE}.Release|x86.Build.0 = Release|Win32
		{34E49D0F-2F76-4685-86F4-4967936D6D07}.Debug|x64.ActiveCfg = Debug|x64
		{34E49D0F-2F76-4685-86F4-4967936D6D07}.Debug|x64.Build.0 = Debug|x64
		{34E49D0F-2F76-4685-86F4-4967936D6D07}.Debug|x86.ActiveCfg = Debug|Win32
		{34E49D0F-2F76-4685-86F4-4967936D6D07}.Debug|x86.Build.0 = Debug|Win32
		{34E49D0F-2F76-4685-86F4-4967936D6D07}.Release|x64.ActiveCfg = Release|x64
		{34E49D0F-2F76-4685-86F4-4967936D6D07}.Release|x64.Build.0 = Release|x64
		{34E49D0F-2F76-4685-86F4-4967936D6D07}.Release|x86.ActiveCfg = Release|Win32
		{34E49D0F-2F76-4685-86F4-4967936D6D07}.Release|x86.Build.0 = Release|Win32
	EndGlobalSection
	GlobalSection(SolutionProperties) = preSolution
		HideSolutionNode = FALSE
	EndGlobalSection
	GlobalSection(ExtensibilityGlobals) = postSolution
		SolutionGuid = {F2D829AA-4CCE-46F0-85D6-9ACD38668CD1}
	EndGlobalSection
EndGlobal
