
Microsoft Visual Studio Solution File, Format Version 12.00
# Visual Studio Version 16
VisualStudioVersion = 16.0.30011.22
MinimumVisualStudioVersion = 10.0.40219.1
Project("{8BC9CEB8-8B4A-11D0-8D11-00A0C91BC942}") = "A", "A\A.vcxproj", "{C7CD383A-6AC2-47CB-997E-F67D1729F258}"
EndProject
Project("{8BC9CEB8-8B4A-11D0-8D11-00A0C91BC942}") = "B", "B\B.vcxproj", "{AEEDFFAB-BF43-4C6F-A040-C1A552C67DE5}"
EndProject
Project("{8BC9CEB8-8B4A-11D0-8D11-00A0C91BC942}") = "C", "C\C.vcxproj", "{9A99E391-A500-4F07-8263-3AE21836DE86}"
EndProject
Global
	GlobalSection(SolutionConfigurationPlatforms) = preSolution
		Debug|x64 = Debug|x64
		Debug|x86 = Debug|x86
		Release|x64 = Release|x64
		Release|x86 = Release|x86
	EndGlobalSection
	GlobalSection(ProjectConfigurationPlatforms) = postSolution
		{C7CD383A-6AC2-47CB-997E-F67D1729F258}.Debug|x64.ActiveCfg = Debug|x64
		{C7CD383A-6AC2-47CB-997E-F67D1729F258}.Debug|x64.Build.0 = Debug|x64
		{C7CD383A-6AC2-47CB-997E-F67D1729F258}.Debug|x86.ActiveCfg = Debug|Win32
		{C7CD383A-6AC2-47CB-997E-F67D1729F258}.Debug|x86.Build.0 = Debug|Win32
		{C7CD383A-6AC2-47CB-997E-F67D1729F258}.Release|x64.ActiveCfg = Release|x64
		{C7CD383A-6AC2-47CB-997E-F67D1729F258}.Release|x64.Build.0 = Release|x64
		{C7CD383A-6AC2-47CB-997E-F67D1729F258}.Release|x86.ActiveCfg = Release|Win32
		{C7CD383A-6AC2-47CB-997E-F67D1729F258}.Release|x86.Build.0 = Release|Win32
		{AEEDFFAB-BF43-4C6F-A040-C1A552C67DE5}.Debug|x64.ActiveCfg = Debug|x64
		{AEEDFFAB-BF43-4C6F-A040-C1A552C67DE5}.Debug|x64.Build.0 = Debug|x64
		{AEEDFFAB-BF43-4C6F-A040-C1A552C67DE5}.Debug|x86.ActiveCfg = Debug|Win32
		{AEEDFFAB-BF43-4C6F-A040-C1A552C67DE5}.Debug|x86.Build.0 = Debug|Win32
		{AEEDFFAB-BF43-4C6F-A040-C1A552C67DE5}.Release|x64.ActiveCfg = Release|x64
		{AEEDFFAB-BF43-4C6F-A040-C1A552C67DE5}.Release|x64.Build.0 = Release|x64
		{AEEDFFAB-BF43-4C6F-A040-C1A552C67DE5}.Release|x86.ActiveCfg = Release|Win32
		{AEEDFFAB-BF43-4C6F-A040-C1A552C67DE5}.Release|x86.Build.0 = Release|Win32
		{9A99E391-A500-4F07-8263-3AE21836DE86}.Debug|x64.ActiveCfg = Debug|x64
		{9A99E391-A500-4F07-8263-3AE21836DE86}.Debug|x64.Build.0 = Debug|x64
		{9A99E391-A500-4F07-8263-3AE21836DE86}.Debug|x86.ActiveCfg = Debug|Win32
		{9A99E391-A500-4F07-8263-3AE21836DE86}.Debug|x86.Build.0 = Debug|Win32
		{9A99E391-A500-4F07-8263-3AE21836DE86}.Release|x64.ActiveCfg = Release|x64
		{9A99E391-A500-4F07-8263-3AE21836DE86}.Release|x64.Build.0 = Release|x64
		{9A99E391-A500-4F07-8263-3AE21836DE86}.Release|x86.ActiveCfg = Release|Win32
		{9A99E391-A500-4F07-8263-3AE21836DE86}.Release|x86.Build.0 = Release|Win32
	EndGlobalSection
	GlobalSection(SolutionProperties) = preSolution
		HideSolutionNode = FALSE
	EndGlobalSection
	GlobalSection(ExtensibilityGlobals) = postSolution
		SolutionGuid = {3B66D1DD-B891-43FE-8AA3-548478F0DFC9}
	EndGlobalSection
EndGlobal
