
Microsoft Visual Studio Solution File, Format Version 12.00
# Visual Studio Version 16
VisualStudioVersion = 16.0.30011.22
MinimumVisualStudioVersion = 10.0.40219.1
Project("{8BC9CEB8-8B4A-11D0-8D11-00A0C91BC942}") = "A", "A\A.vcxproj", "{352DC4DE-3062-4DB7-B17D-2048E3647F27}"
EndProject
Project("{8BC9CEB8-8B4A-11D0-8D11-00A0C91BC942}") = "B", "B\B.vcxproj", "{FD609789-1709-4A39-9859-F9AE6B55A946}"
EndProject
Project("{8BC9CEB8-8B4A-11D0-8D11-00A0C91BC942}") = "C", "C\C.vcxproj", "{F5C7602C-36FE-4AF6-A778-4B9FC9EA69BC}"
EndProject
Global
	GlobalSection(SolutionConfigurationPlatforms) = preSolution
		Debug|x64 = Debug|x64
		Debug|x86 = Debug|x86
		Release|x64 = Release|x64
		Release|x86 = Release|x86
	EndGlobalSection
	GlobalSection(ProjectConfigurationPlatforms) = postSolution
		{352DC4DE-3062-4DB7-B17D-2048E3647F27}.Debug|x64.ActiveCfg = Debug|x64
		{352DC4DE-3062-4DB7-B17D-2048E3647F27}.Debug|x64.Build.0 = Debug|x64
		{352DC4DE-3062-4DB7-B17D-2048E3647F27}.Debug|x86.ActiveCfg = Debug|Win32
		{352DC4DE-3062-4DB7-B17D-2048E3647F27}.Debug|x86.Build.0 = Debug|Win32
		{352DC4DE-3062-4DB7-B17D-2048E3647F27}.Release|x64.ActiveCfg = Release|x64
		{352DC4DE-3062-4DB7-B17D-2048E3647F27}.Release|x64.Build.0 = Release|x64
		{352DC4DE-3062-4DB7-B17D-2048E3647F27}.Release|x86.ActiveCfg = Release|Win32
		{352DC4DE-3062-4DB7-B17D-2048E3647F27}.Release|x86.Build.0 = Release|Win32
		{FD609789-1709-4A39-9859-F9AE6B55A946}.Debug|x64.ActiveCfg = Debug|x64
		{FD609789-1709-4A39-9859-F9AE6B55A946}.Debug|x64.Build.0 = Debug|x64
		{FD609789-1709-4A39-9859-F9AE6B55A946}.Debug|x86.ActiveCfg = Debug|Win32
		{FD609789-1709-4A39-9859-F9AE6B55A946}.Debug|x86.Build.0 = Debug|Win32
		{FD609789-1709-4A39-9859-F9AE6B55A946}.Release|x64.ActiveCfg = Release|x64
		{FD609789-1709-4A39-9859-F9AE6B55A946}.Release|x64.Build.0 = Release|x64
		{FD609789-1709-4A39-9859-F9AE6B55A946}.Release|x86.ActiveCfg = Release|Win32
		{FD609789-1709-4A39-9859-F9AE6B55A946}.Release|x86.Build.0 = Release|Win32
		{F5C7602C-36FE-4AF6-A778-4B9FC9EA69BC}.Debug|x64.ActiveCfg = Debug|x64
		{F5C7602C-36FE-4AF6-A778-4B9FC9EA69BC}.Debug|x64.Build.0 = Debug|x64
		{F5C7602C-36FE-4AF6-A778-4B9FC9EA69BC}.Debug|x86.ActiveCfg = Debug|Win32
		{F5C7602C-36FE-4AF6-A778-4B9FC9EA69BC}.Debug|x86.Build.0 = Debug|Win32
		{F5C7602C-36FE-4AF6-A778-4B9FC9EA69BC}.Release|x64.ActiveCfg = Release|x64
		{F5C7602C-36FE-4AF6-A778-4B9FC9EA69BC}.Release|x64.Build.0 = Release|x64
		{F5C7602C-36FE-4AF6-A778-4B9FC9EA69BC}.Release|x86.ActiveCfg = Release|Win32
		{F5C7602C-36FE-4AF6-A778-4B9FC9EA69BC}.Release|x86.Build.0 = Release|Win32
	EndGlobalSection
	GlobalSection(SolutionProperties) = preSolution
		HideSolutionNode = FALSE
	EndGlobalSection
	GlobalSection(ExtensibilityGlobals) = postSolution
		SolutionGuid = {3987BD58-9B1C-4876-8108-2024B67B47BB}
	EndGlobalSection
EndGlobal
