
Microsoft Visual Studio Solution File, Format Version 12.00
# Visual Studio 15
VisualStudioVersion = 15.0.28307.539
MinimumVisualStudioVersion = 10.0.40219.1
Project("{8BC9CEB8-8B4A-11D0-8D11-00A0C91BC942}") = "A", "A\A.vcxproj", "{7FDD115C-7AAC-4C2B-AA30-CF0E7EF17982}"
EndProject
Project("{8BC9CEB8-8B4A-11D0-8D11-00A0C91BC942}") = "B", "B\B.vcxproj", "{0D272AA6-B9A3-4A36-B4FA-A214D7683944}"
EndProject
Project("{8BC9CEB8-8B4A-11D0-8D11-00A0C91BC942}") = "C", "C\C.vcxproj", "{A7693CCA-1BFA-4B07-962F-62C528E5B46D}"
EndProject
Project("{8BC9CEB8-8B4A-11D0-8D11-00A0C91BC942}") = "D", "D\D.vcxproj", "{C026225E-A097-4790-B143-D583C889DBF2}"
EndProject
Global
	GlobalSection(SolutionConfigurationPlatforms) = preSolution
		Debug|x64 = Debug|x64
		Debug|x86 = Debug|x86
		Release|x64 = Release|x64
		Release|x86 = Release|x86
	EndGlobalSection
	GlobalSection(ProjectConfigurationPlatforms) = postSolution
		{7FDD115C-7AAC-4C2B-AA30-CF0E7EF17982}.Debug|x64.ActiveCfg = Debug|x64
		{7FDD115C-7AAC-4C2B-AA30-CF0E7EF17982}.Debug|x64.Build.0 = Debug|x64
		{7FDD115C-7AAC-4C2B-AA30-CF0E7EF17982}.Debug|x86.ActiveCfg = Debug|Win32
		{7FDD115C-7AAC-4C2B-AA30-CF0E7EF17982}.Debug|x86.Build.0 = Debug|Win32
		{7FDD115C-7AAC-4C2B-AA30-CF0E7EF17982}.Release|x64.ActiveCfg = Release|x64
		{7FDD115C-7AAC-4C2B-AA30-CF0E7EF17982}.Release|x64.Build.0 = Release|x64
		{7FDD115C-7AAC-4C2B-AA30-CF0E7EF17982}.Release|x86.ActiveCfg = Release|Win32
		{7FDD115C-7AAC-4C2B-AA30-CF0E7EF17982}.Release|x86.Build.0 = Release|Win32
		{0D272AA6-B9A3-4A36-B4FA-A214D7683944}.Debug|x64.ActiveCfg = Debug|x64
		{0D272AA6-B9A3-4A36-B4FA-A214D7683944}.Debug|x64.Build.0 = Debug|x64
		{0D272AA6-B9A3-4A36-B4FA-A214D7683944}.Debug|x86.ActiveCfg = Debug|Win32
		{0D272AA6-B9A3-4A36-B4FA-A214D7683944}.Debug|x86.Build.0 = Debug|Win32
		{0D272AA6-B9A3-4A36-B4FA-A214D7683944}.Release|x64.ActiveCfg = Release|x64
		{0D272AA6-B9A3-4A36-B4FA-A214D7683944}.Release|x64.Build.0 = Release|x64
		{0D272AA6-B9A3-4A36-B4FA-A214D7683944}.Release|x86.ActiveCfg = Release|Win32
		{0D272AA6-B9A3-4A36-B4FA-A214D7683944}.Release|x86.Build.0 = Release|Win32
		{A7693CCA-1BFA-4B07-962F-62C528E5B46D}.Debug|x64.ActiveCfg = Debug|x64
		{A7693CCA-1BFA-4B07-962F-62C528E5B46D}.Debug|x64.Build.0 = Debug|x64
		{A7693CCA-1BFA-4B07-962F-62C528E5B46D}.Debug|x86.ActiveCfg = Debug|Win32
		{A7693CCA-1BFA-4B07-962F-62C528E5B46D}.Debug|x86.Build.0 = Debug|Win32
		{A7693CCA-1BFA-4B07-962F-62C528E5B46D}.Release|x64.ActiveCfg = Release|x64
		{A7693CCA-1BFA-4B07-962F-62C528E5B46D}.Release|x64.Build.0 = Release|x64
		{A7693CCA-1BFA-4B07-962F-62C528E5B46D}.Release|x86.ActiveCfg = Release|Win32
		{A7693CCA-1BFA-4B07-962F-62C528E5B46D}.Release|x86.Build.0 = Release|Win32
		{C026225E-A097-4790-B143-D583C889DBF2}.Debug|x64.ActiveCfg = Debug|x64
		{C026225E-A097-4790-B143-D583C889DBF2}.Debug|x64.Build.0 = Debug|x64
		{C026225E-A097-4790-B143-D583C889DBF2}.Debug|x86.ActiveCfg = Debug|Win32
		{C026225E-A097-4790-B143-D583C889DBF2}.Debug|x86.Build.0 = Debug|Win32
		{C026225E-A097-4790-B143-D583C889DBF2}.Release|x64.ActiveCfg = Release|x64
		{C026225E-A097-4790-B143-D583C889DBF2}.Release|x64.Build.0 = Release|x64
		{C026225E-A097-4790-B143-D583C889DBF2}.Release|x86.ActiveCfg = Release|Win32
		{C026225E-A097-4790-B143-D583C889DBF2}.Release|x86.Build.0 = Release|Win32
	EndGlobalSection
	GlobalSection(SolutionProperties) = preSolution
		HideSolutionNode = FALSE
	EndGlobalSection
	GlobalSection(ExtensibilityGlobals) = postSolution
		SolutionGuid = {2AD49E7C-963C-4735-AEAC-50DC1F973632}
	EndGlobalSection
EndGlobal
